// !$*UTF8*$!
{
	archiveVersion = 1;
	classes = {
	};
	objectVersion = 50;
	objects = {

/* Begin PBXBuildFile section */
		225C415C224F67B7004736F3 /* UIImage+Scale.swift in Sources */ = {isa = PBXBuildFile; fileRef = 225C415B224F67B7004736F3 /* UIImage+Scale.swift */; };
		225C415E224F79B3004736F3 /* DeleteShortURLRequest.swift in Sources */ = {isa = PBXBuildFile; fileRef = 225C415D224F79B3004736F3 /* DeleteShortURLRequest.swift */; };
		225C4162224FAB2B004736F3 /* UIViewController+Alert.swift in Sources */ = {isa = PBXBuildFile; fileRef = 225C4161224FAB2B004736F3 /* UIViewController+Alert.swift */; };
		225C416B224FE5F2004736F3 /* NetworkingMock.swift in Sources */ = {isa = PBXBuildFile; fileRef = 225C416A224FE5F2004736F3 /* NetworkingMock.swift */; };
		225C4178224FE77B004736F3 /* ShortURLTests.swift in Sources */ = {isa = PBXBuildFile; fileRef = 225C4177224FE77B004736F3 /* ShortURLTests.swift */; };
		225C4180224FE848004736F3 /* ShortURLControllerTests.swift in Sources */ = {isa = PBXBuildFile; fileRef = 225C417F224FE848004736F3 /* ShortURLControllerTests.swift */; };
		225C418C224FE9A3004736F3 /* ReadShortURLRequestTests.swift in Sources */ = {isa = PBXBuildFile; fileRef = 225C418B224FE9A3004736F3 /* ReadShortURLRequestTests.swift */; };
		225C418E224FE9D9004736F3 /* WriteShortURLRequestTests.swift in Sources */ = {isa = PBXBuildFile; fileRef = 225C418D224FE9D9004736F3 /* WriteShortURLRequestTests.swift */; };
		225C4194224FEA72004736F3 /* ReadShortURLInterpreterTests.swift in Sources */ = {isa = PBXBuildFile; fileRef = 225C4193224FEA72004736F3 /* ReadShortURLInterpreterTests.swift */; };
		225C419A224FEAAB004736F3 /* WriteShortURLInterpreterTests.swift in Sources */ = {isa = PBXBuildFile; fileRef = 225C4199224FEAAB004736F3 /* WriteShortURLInterpreterTests.swift */; };
		225C419C22500F78004736F3 /* DeleteShortURLRequestTests.swift in Sources */ = {isa = PBXBuildFile; fileRef = 225C419B22500F78004736F3 /* DeleteShortURLRequestTests.swift */; };
		22FE04AD224EC1F90029DAE9 /* ArrowView.swift in Sources */ = {isa = PBXBuildFile; fileRef = 22FE04AC224EC1F90029DAE9 /* ArrowView.swift */; };
		22FE04AF224EC22B0029DAE9 /* ArrowView.xib in Resources */ = {isa = PBXBuildFile; fileRef = 22FE04AE224EC22B0029DAE9 /* ArrowView.xib */; };
		22FE04B2224ED3100029DAE9 /* ShortenerColorPalette.swift in Sources */ = {isa = PBXBuildFile; fileRef = 22FE04B1224ED3100029DAE9 /* ShortenerColorPalette.swift */; };
		22FE04B8224EDE740029DAE9 /* UIViewController+Keyboard.swift in Sources */ = {isa = PBXBuildFile; fileRef = 22FE04B7224EDE740029DAE9 /* UIViewController+Keyboard.swift */; };
		22FE04BA224EE4A80029DAE9 /* URLTableViewCell.swift in Sources */ = {isa = PBXBuildFile; fileRef = 22FE04B9224EE4A80029DAE9 /* URLTableViewCell.swift */; };
		22FE04BC224EEBB30029DAE9 /* UITableView+Animation.swift in Sources */ = {isa = PBXBuildFile; fileRef = 22FE04BB224EEBB30029DAE9 /* UITableView+Animation.swift */; };
		26E5A337224CAE6F003225D9 /* AppDelegate.swift in Sources */ = {isa = PBXBuildFile; fileRef = 26E5A336224CAE6F003225D9 /* AppDelegate.swift */; };
		26E5A33E224CAE71003225D9 /* Assets.xcassets in Resources */ = {isa = PBXBuildFile; fileRef = 26E5A33D224CAE71003225D9 /* Assets.xcassets */; };
		26E5A341224CAE71003225D9 /* LaunchScreen.storyboard in Resources */ = {isa = PBXBuildFile; fileRef = 26E5A33F224CAE71003225D9 /* LaunchScreen.storyboard */; };
		26E5A357224CAE72003225D9 /* URLShortenerUITests.swift in Sources */ = {isa = PBXBuildFile; fileRef = 26E5A356224CAE72003225D9 /* URLShortenerUITests.swift */; };
		26E5A365224CAF4F003225D9 /* .gitignore in Resources */ = {isa = PBXBuildFile; fileRef = 26E5A364224CAF4F003225D9 /* .gitignore */; };
		26E5A36F224CCFD1003225D9 /* RequestConnection.swift in Sources */ = {isa = PBXBuildFile; fileRef = 26E5A36E224CCFD1003225D9 /* RequestConnection.swift */; };
		26E5A371224CCFDF003225D9 /* InterpreterProtocol.swift in Sources */ = {isa = PBXBuildFile; fileRef = 26E5A370224CCFDF003225D9 /* InterpreterProtocol.swift */; };
		26E5A373224CCFEF003225D9 /* Types.swift in Sources */ = {isa = PBXBuildFile; fileRef = 26E5A372224CCFEF003225D9 /* Types.swift */; };
		26E5A375224CD004003225D9 /* RequestProtocol.swift in Sources */ = {isa = PBXBuildFile; fileRef = 26E5A374224CD004003225D9 /* RequestProtocol.swift */; };
		26E5A377224CD048003225D9 /* ReadShortURLRequest.swift in Sources */ = {isa = PBXBuildFile; fileRef = 26E5A376224CD048003225D9 /* ReadShortURLRequest.swift */; };
		26E5A379224CD064003225D9 /* ReadShortURLInterpreter.swift in Sources */ = {isa = PBXBuildFile; fileRef = 26E5A378224CD064003225D9 /* ReadShortURLInterpreter.swift */; };
		26E5A37B224CD072003225D9 /* ShortURLController.swift in Sources */ = {isa = PBXBuildFile; fileRef = 26E5A37A224CD072003225D9 /* ShortURLController.swift */; };
		26E5A37D224CD565003225D9 /* ShortURL.swift in Sources */ = {isa = PBXBuildFile; fileRef = 26E5A37C224CD565003225D9 /* ShortURL.swift */; };
		26E5A37F224CD830003225D9 /* WriteShortURLRequest.swift in Sources */ = {isa = PBXBuildFile; fileRef = 26E5A37E224CD830003225D9 /* WriteShortURLRequest.swift */; };
		26E5A381224CD8F1003225D9 /* WriteShortURLInterpreter.swift in Sources */ = {isa = PBXBuildFile; fileRef = 26E5A380224CD8F1003225D9 /* WriteShortURLInterpreter.swift */; };
		26E5A384224CE0BA003225D9 /* URLSessionProtocol.swift in Sources */ = {isa = PBXBuildFile; fileRef = 26E5A383224CE0BA003225D9 /* URLSessionProtocol.swift */; };
		26E5A386224CE1A0003225D9 /* MockURLSession.swift in Sources */ = {isa = PBXBuildFile; fileRef = 26E5A385224CE1A0003225D9 /* MockURLSession.swift */; };
		26E5A388224CF52B003225D9 /* MockURLHandler.swift in Sources */ = {isa = PBXBuildFile; fileRef = 26E5A387224CF52B003225D9 /* MockURLHandler.swift */; };
		26E5A38A224D0BBC003225D9 /* ShortnerViewController.swift in Sources */ = {isa = PBXBuildFile; fileRef = 26E5A389224D0BBC003225D9 /* ShortnerViewController.swift */; };
		26E5A38F224E0034003225D9 /* InMemoryStorage.swift in Sources */ = {isa = PBXBuildFile; fileRef = 26E5A38E224E0034003225D9 /* InMemoryStorage.swift */; };
		26E5A391224E411F003225D9 /* MockStorage.swift in Sources */ = {isa = PBXBuildFile; fileRef = 26E5A390224E411F003225D9 /* MockStorage.swift */; };
		26E5A393224E5AF2003225D9 /* Shortner.storyboard in Resources */ = {isa = PBXBuildFile; fileRef = 26E5A392224E5AF2003225D9 /* Shortner.storyboard */; };
/* End PBXBuildFile section */

/* Begin PBXContainerItemProxy section */
		26E5A348224CAE72003225D9 /* PBXContainerItemProxy */ = {
			isa = PBXContainerItemProxy;
			containerPortal = 26E5A32B224CAE6F003225D9 /* Project object */;
			proxyType = 1;
			remoteGlobalIDString = 26E5A332224CAE6F003225D9;
			remoteInfo = URLShortener;
		};
		26E5A353224CAE72003225D9 /* PBXContainerItemProxy */ = {
			isa = PBXContainerItemProxy;
			containerPortal = 26E5A32B224CAE6F003225D9 /* Project object */;
			proxyType = 1;
			remoteGlobalIDString = 26E5A332224CAE6F003225D9;
			remoteInfo = URLShortener;
		};
/* End PBXContainerItemProxy section */

/* Begin PBXFileReference section */
		225C415B224F67B7004736F3 /* UIImage+Scale.swift */ = {isa = PBXFileReference; lastKnownFileType = sourcecode.swift; path = "UIImage+Scale.swift"; sourceTree = "<group>"; };
		225C415D224F79B3004736F3 /* DeleteShortURLRequest.swift */ = {isa = PBXFileReference; lastKnownFileType = sourcecode.swift; path = DeleteShortURLRequest.swift; sourceTree = "<group>"; };
		225C4161224FAB2B004736F3 /* UIViewController+Alert.swift */ = {isa = PBXFileReference; lastKnownFileType = sourcecode.swift; path = "UIViewController+Alert.swift"; sourceTree = "<group>"; };
		225C416A224FE5F2004736F3 /* NetworkingMock.swift */ = {isa = PBXFileReference; lastKnownFileType = sourcecode.swift; path = NetworkingMock.swift; sourceTree = "<group>"; };
		225C4177224FE77B004736F3 /* ShortURLTests.swift */ = {isa = PBXFileReference; lastKnownFileType = sourcecode.swift; path = ShortURLTests.swift; sourceTree = "<group>"; };
		225C417F224FE848004736F3 /* ShortURLControllerTests.swift */ = {isa = PBXFileReference; fileEncoding = 4; lastKnownFileType = sourcecode.swift; path = ShortURLControllerTests.swift; sourceTree = "<group>"; };
		225C418B224FE9A3004736F3 /* ReadShortURLRequestTests.swift */ = {isa = PBXFileReference; lastKnownFileType = sourcecode.swift; path = ReadShortURLRequestTests.swift; sourceTree = "<group>"; };
		225C418D224FE9D9004736F3 /* WriteShortURLRequestTests.swift */ = {isa = PBXFileReference; lastKnownFileType = sourcecode.swift; path = WriteShortURLRequestTests.swift; sourceTree = "<group>"; };
		225C4193224FEA72004736F3 /* ReadShortURLInterpreterTests.swift */ = {isa = PBXFileReference; lastKnownFileType = sourcecode.swift; path = ReadShortURLInterpreterTests.swift; sourceTree = "<group>"; };
		225C4199224FEAAB004736F3 /* WriteShortURLInterpreterTests.swift */ = {isa = PBXFileReference; lastKnownFileType = sourcecode.swift; path = WriteShortURLInterpreterTests.swift; sourceTree = "<group>"; };
		225C419B22500F78004736F3 /* DeleteShortURLRequestTests.swift */ = {isa = PBXFileReference; lastKnownFileType = sourcecode.swift; path = DeleteShortURLRequestTests.swift; sourceTree = "<group>"; };
		22FE04AC224EC1F90029DAE9 /* ArrowView.swift */ = {isa = PBXFileReference; lastKnownFileType = sourcecode.swift; path = ArrowView.swift; sourceTree = "<group>"; };
		22FE04AE224EC22B0029DAE9 /* ArrowView.xib */ = {isa = PBXFileReference; fileEncoding = 4; lastKnownFileType = file.xib; path = ArrowView.xib; sourceTree = "<group>"; };
		22FE04B1224ED3100029DAE9 /* ShortenerColorPalette.swift */ = {isa = PBXFileReference; lastKnownFileType = sourcecode.swift; path = ShortenerColorPalette.swift; sourceTree = "<group>"; };
		22FE04B7224EDE740029DAE9 /* UIViewController+Keyboard.swift */ = {isa = PBXFileReference; lastKnownFileType = sourcecode.swift; path = "UIViewController+Keyboard.swift"; sourceTree = "<group>"; };
		22FE04B9224EE4A80029DAE9 /* URLTableViewCell.swift */ = {isa = PBXFileReference; lastKnownFileType = sourcecode.swift; path = URLTableViewCell.swift; sourceTree = "<group>"; };
		22FE04BB224EEBB30029DAE9 /* UITableView+Animation.swift */ = {isa = PBXFileReference; lastKnownFileType = sourcecode.swift; path = "UITableView+Animation.swift"; sourceTree = "<group>"; };
		26E5A333224CAE6F003225D9 /* URLShortener.app */ = {isa = PBXFileReference; explicitFileType = wrapper.application; includeInIndex = 0; path = URLShortener.app; sourceTree = BUILT_PRODUCTS_DIR; };
		26E5A336224CAE6F003225D9 /* AppDelegate.swift */ = {isa = PBXFileReference; lastKnownFileType = sourcecode.swift; path = AppDelegate.swift; sourceTree = "<group>"; };
		26E5A33D224CAE71003225D9 /* Assets.xcassets */ = {isa = PBXFileReference; lastKnownFileType = folder.assetcatalog; path = Assets.xcassets; sourceTree = "<group>"; };
		26E5A340224CAE71003225D9 /* Base */ = {isa = PBXFileReference; lastKnownFileType = file.storyboard; name = Base; path = Base.lproj/LaunchScreen.storyboard; sourceTree = "<group>"; };
		26E5A342224CAE71003225D9 /* Info.plist */ = {isa = PBXFileReference; lastKnownFileType = text.plist.xml; path = Info.plist; sourceTree = "<group>"; };
		26E5A347224CAE72003225D9 /* URLShortenerTests.xctest */ = {isa = PBXFileReference; explicitFileType = wrapper.cfbundle; includeInIndex = 0; path = URLShortenerTests.xctest; sourceTree = BUILT_PRODUCTS_DIR; };
		26E5A34D224CAE72003225D9 /* Info.plist */ = {isa = PBXFileReference; lastKnownFileType = text.plist.xml; path = Info.plist; sourceTree = "<group>"; };
		26E5A352224CAE72003225D9 /* URLShortenerUITests.xctest */ = {isa = PBXFileReference; explicitFileType = wrapper.cfbundle; includeInIndex = 0; path = URLShortenerUITests.xctest; sourceTree = BUILT_PRODUCTS_DIR; };
		26E5A356224CAE72003225D9 /* URLShortenerUITests.swift */ = {isa = PBXFileReference; lastKnownFileType = sourcecode.swift; path = URLShortenerUITests.swift; sourceTree = "<group>"; };
		26E5A358224CAE72003225D9 /* Info.plist */ = {isa = PBXFileReference; lastKnownFileType = text.plist.xml; path = Info.plist; sourceTree = "<group>"; };
		26E5A364224CAF4F003225D9 /* .gitignore */ = {isa = PBXFileReference; fileEncoding = 4; lastKnownFileType = text; path = .gitignore; sourceTree = "<group>"; };
		26E5A36E224CCFD1003225D9 /* RequestConnection.swift */ = {isa = PBXFileReference; lastKnownFileType = sourcecode.swift; path = RequestConnection.swift; sourceTree = "<group>"; };
		26E5A370224CCFDF003225D9 /* InterpreterProtocol.swift */ = {isa = PBXFileReference; lastKnownFileType = sourcecode.swift; path = InterpreterProtocol.swift; sourceTree = "<group>"; };
		26E5A372224CCFEF003225D9 /* Types.swift */ = {isa = PBXFileReference; lastKnownFileType = sourcecode.swift; path = Types.swift; sourceTree = "<group>"; };
		26E5A374224CD004003225D9 /* RequestProtocol.swift */ = {isa = PBXFileReference; lastKnownFileType = sourcecode.swift; path = RequestProtocol.swift; sourceTree = "<group>"; };
		26E5A376224CD048003225D9 /* ReadShortURLRequest.swift */ = {isa = PBXFileReference; lastKnownFileType = sourcecode.swift; path = ReadShortURLRequest.swift; sourceTree = "<group>"; };
		26E5A378224CD064003225D9 /* ReadShortURLInterpreter.swift */ = {isa = PBXFileReference; lastKnownFileType = sourcecode.swift; path = ReadShortURLInterpreter.swift; sourceTree = "<group>"; };
		26E5A37A224CD072003225D9 /* ShortURLController.swift */ = {isa = PBXFileReference; lastKnownFileType = sourcecode.swift; path = ShortURLController.swift; sourceTree = "<group>"; };
		26E5A37C224CD565003225D9 /* ShortURL.swift */ = {isa = PBXFileReference; lastKnownFileType = sourcecode.swift; path = ShortURL.swift; sourceTree = "<group>"; };
		26E5A37E224CD830003225D9 /* WriteShortURLRequest.swift */ = {isa = PBXFileReference; lastKnownFileType = sourcecode.swift; path = WriteShortURLRequest.swift; sourceTree = "<group>"; };
		26E5A380224CD8F1003225D9 /* WriteShortURLInterpreter.swift */ = {isa = PBXFileReference; lastKnownFileType = sourcecode.swift; path = WriteShortURLInterpreter.swift; sourceTree = "<group>"; };
		26E5A383224CE0BA003225D9 /* URLSessionProtocol.swift */ = {isa = PBXFileReference; lastKnownFileType = sourcecode.swift; path = URLSessionProtocol.swift; sourceTree = "<group>"; };
		26E5A385224CE1A0003225D9 /* MockURLSession.swift */ = {isa = PBXFileReference; lastKnownFileType = sourcecode.swift; path = MockURLSession.swift; sourceTree = "<group>"; };
		26E5A387224CF52B003225D9 /* MockURLHandler.swift */ = {isa = PBXFileReference; lastKnownFileType = sourcecode.swift; path = MockURLHandler.swift; sourceTree = "<group>"; };
		26E5A389224D0BBC003225D9 /* ShortnerViewController.swift */ = {isa = PBXFileReference; lastKnownFileType = sourcecode.swift; path = ShortnerViewController.swift; sourceTree = "<group>"; };
		26E5A38E224E0034003225D9 /* InMemoryStorage.swift */ = {isa = PBXFileReference; lastKnownFileType = sourcecode.swift; path = InMemoryStorage.swift; sourceTree = "<group>"; };
		26E5A390224E411F003225D9 /* MockStorage.swift */ = {isa = PBXFileReference; lastKnownFileType = sourcecode.swift; path = MockStorage.swift; sourceTree = "<group>"; };
		26E5A392224E5AF2003225D9 /* Shortner.storyboard */ = {isa = PBXFileReference; fileEncoding = 4; lastKnownFileType = file.storyboard; path = Shortner.storyboard; sourceTree = "<group>"; };
/* End PBXFileReference section */

/* Begin PBXFrameworksBuildPhase section */
		26E5A330224CAE6F003225D9 /* Frameworks */ = {
			isa = PBXFrameworksBuildPhase;
			buildActionMask = 2147483647;
			files = (
			);
			runOnlyForDeploymentPostprocessing = 0;
		};
		26E5A344224CAE72003225D9 /* Frameworks */ = {
			isa = PBXFrameworksBuildPhase;
			buildActionMask = 2147483647;
			files = (
			);
			runOnlyForDeploymentPostprocessing = 0;
		};
		26E5A34F224CAE72003225D9 /* Frameworks */ = {
			isa = PBXFrameworksBuildPhase;
			buildActionMask = 2147483647;
			files = (
			);
			runOnlyForDeploymentPostprocessing = 0;
		};
/* End PBXFrameworksBuildPhase section */

/* Begin PBXGroup section */
		225C4169224FE5D7004736F3 /* Mocks */ = {
			isa = PBXGroup;
			children = (
				225C416A224FE5F2004736F3 /* NetworkingMock.swift */,
			);
			path = Mocks;
			sourceTree = "<group>";
		};
		225C416F224FE6E7004736F3 /* Requests */ = {
			isa = PBXGroup;
			children = (
				225C418B224FE9A3004736F3 /* ReadShortURLRequestTests.swift */,
				225C418D224FE9D9004736F3 /* WriteShortURLRequestTests.swift */,
				225C419B22500F78004736F3 /* DeleteShortURLRequestTests.swift */,
			);
			path = Requests;
			sourceTree = "<group>";
		};
		225C4170224FE708004736F3 /* Models */ = {
			isa = PBXGroup;
			children = (
				225C4177224FE77B004736F3 /* ShortURLTests.swift */,
			);
			path = Models;
			sourceTree = "<group>";
		};
		225C417E224FE848004736F3 /* Controllers */ = {
			isa = PBXGroup;
			children = (
				225C417F224FE848004736F3 /* ShortURLControllerTests.swift */,
			);
			path = Controllers;
			sourceTree = "<group>";
		};
		225C4192224FEA52004736F3 /* Interpreters */ = {
			isa = PBXGroup;
			children = (
				225C4193224FEA72004736F3 /* ReadShortURLInterpreterTests.swift */,
				225C4199224FEAAB004736F3 /* WriteShortURLInterpreterTests.swift */,
			);
			path = Interpreters;
			sourceTree = "<group>";
		};
		22FE04AB224EC1700029DAE9 /* Views */ = {
			isa = PBXGroup;
			children = (
				22FE04AC224EC1F90029DAE9 /* ArrowView.swift */,
				22FE04B9224EE4A80029DAE9 /* URLTableViewCell.swift */,
				22FE04AE224EC22B0029DAE9 /* ArrowView.xib */,
			);
			path = Views;
			sourceTree = "<group>";
		};
		22FE04B0224ED2440029DAE9 /* Resources */ = {
			isa = PBXGroup;
			children = (
				22FE04B1224ED3100029DAE9 /* ShortenerColorPalette.swift */,
			);
			path = Resources;
			sourceTree = "<group>";
		};
		22FE04B6224EDE510029DAE9 /* Extensions */ = {
			isa = PBXGroup;
			children = (
				22FE04B7224EDE740029DAE9 /* UIViewController+Keyboard.swift */,
				22FE04BB224EEBB30029DAE9 /* UITableView+Animation.swift */,
				225C415B224F67B7004736F3 /* UIImage+Scale.swift */,
				225C4161224FAB2B004736F3 /* UIViewController+Alert.swift */,
			);
			path = Extensions;
			sourceTree = "<group>";
		};
		26E5A32A224CAE6F003225D9 = {
			isa = PBXGroup;
			children = (
				26E5A364224CAF4F003225D9 /* .gitignore */,
				26E5A335224CAE6F003225D9 /* URLShortener */,
				26E5A34A224CAE72003225D9 /* URLShortenerTests */,
				26E5A355224CAE72003225D9 /* URLShortenerUITests */,
				26E5A334224CAE6F003225D9 /* Products */,
			);
			sourceTree = "<group>";
		};
		26E5A334224CAE6F003225D9 /* Products */ = {
			isa = PBXGroup;
			children = (
				26E5A333224CAE6F003225D9 /* URLShortener.app */,
				26E5A347224CAE72003225D9 /* URLShortenerTests.xctest */,
				26E5A352224CAE72003225D9 /* URLShortenerUITests.xctest */,
			);
			name = Products;
			sourceTree = "<group>";
		};
		26E5A335224CAE6F003225D9 /* URLShortener */ = {
			isa = PBXGroup;
			children = (
				26E5A366224CB23F003225D9 /* UI */,
				26E5A367224CB24B003225D9 /* Controllers */,
				26E5A368224CB257003225D9 /* Requests */,
				26E5A369224CB25F003225D9 /* Interpreters */,
				26E5A36A224CB273003225D9 /* Networking */,
				26E5A36B224CB27F003225D9 /* Models */,
				26E5A38D224E0029003225D9 /* Storages */,
				22FE04B6224EDE510029DAE9 /* Extensions */,
				22FE04B0224ED2440029DAE9 /* Resources */,
				26E5A336224CAE6F003225D9 /* AppDelegate.swift */,
				26E5A33D224CAE71003225D9 /* Assets.xcassets */,
				26E5A33F224CAE71003225D9 /* LaunchScreen.storyboard */,
				26E5A342224CAE71003225D9 /* Info.plist */,
			);
			path = URLShortener;
			sourceTree = "<group>";
		};
		26E5A34A224CAE72003225D9 /* URLShortenerTests */ = {
			isa = PBXGroup;
			children = (
				225C4169224FE5D7004736F3 /* Mocks */,
				225C417E224FE848004736F3 /* Controllers */,
				225C416F224FE6E7004736F3 /* Requests */,
				225C4192224FEA52004736F3 /* Interpreters */,
				225C4170224FE708004736F3 /* Models */,
				26E5A34D224CAE72003225D9 /* Info.plist */,
			);
			path = URLShortenerTests;
			sourceTree = "<group>";
		};
		26E5A355224CAE72003225D9 /* URLShortenerUITests */ = {
			isa = PBXGroup;
			children = (
				26E5A356224CAE72003225D9 /* URLShortenerUITests.swift */,
				26E5A358224CAE72003225D9 /* Info.plist */,
			);
			path = URLShortenerUITests;
			sourceTree = "<group>";
		};
		26E5A366224CB23F003225D9 /* UI */ = {
			isa = PBXGroup;
			children = (
				26E5A389224D0BBC003225D9 /* ShortnerViewController.swift */,
				26E5A392224E5AF2003225D9 /* Shortner.storyboard */,
				22FE04AB224EC1700029DAE9 /* Views */,
			);
			path = UI;
			sourceTree = "<group>";
		};
		26E5A367224CB24B003225D9 /* Controllers */ = {
			isa = PBXGroup;
			children = (
				26E5A37A224CD072003225D9 /* ShortURLController.swift */,
			);
			path = Controllers;
			sourceTree = "<group>";
		};
		26E5A368224CB257003225D9 /* Requests */ = {
			isa = PBXGroup;
			children = (
				26E5A376224CD048003225D9 /* ReadShortURLRequest.swift */,
				26E5A37E224CD830003225D9 /* WriteShortURLRequest.swift */,
				225C415D224F79B3004736F3 /* DeleteShortURLRequest.swift */,
			);
			path = Requests;
			sourceTree = "<group>";
		};
		26E5A369224CB25F003225D9 /* Interpreters */ = {
			isa = PBXGroup;
			children = (
				26E5A378224CD064003225D9 /* ReadShortURLInterpreter.swift */,
				26E5A380224CD8F1003225D9 /* WriteShortURLInterpreter.swift */,
			);
			path = Interpreters;
			sourceTree = "<group>";
		};
		26E5A36A224CB273003225D9 /* Networking */ = {
			isa = PBXGroup;
			children = (
				26E5A36E224CCFD1003225D9 /* RequestConnection.swift */,
				26E5A374224CD004003225D9 /* RequestProtocol.swift */,
				26E5A370224CCFDF003225D9 /* InterpreterProtocol.swift */,
				26E5A372224CCFEF003225D9 /* Types.swift */,
				26E5A382224CE07A003225D9 /* BackendMock */,
			);
			path = Networking;
			sourceTree = "<group>";
		};
		26E5A36B224CB27F003225D9 /* Models */ = {
			isa = PBXGroup;
			children = (
				26E5A37C224CD565003225D9 /* ShortURL.swift */,
			);
			path = Models;
			sourceTree = "<group>";
		};
		26E5A382224CE07A003225D9 /* BackendMock */ = {
			isa = PBXGroup;
			children = (
				26E5A383224CE0BA003225D9 /* URLSessionProtocol.swift */,
				26E5A385224CE1A0003225D9 /* MockURLSession.swift */,
				26E5A387224CF52B003225D9 /* MockURLHandler.swift */,
				26E5A390224E411F003225D9 /* MockStorage.swift */,
			);
			path = BackendMock;
			sourceTree = "<group>";
		};
		26E5A38D224E0029003225D9 /* Storages */ = {
			isa = PBXGroup;
			children = (
				26E5A38E224E0034003225D9 /* InMemoryStorage.swift */,
			);
			path = Storages;
			sourceTree = "<group>";
		};
/* End PBXGroup section */

/* Begin PBXNativeTarget section */
		26E5A332224CAE6F003225D9 /* URLShortener */ = {
			isa = PBXNativeTarget;
			buildConfigurationList = 26E5A35B224CAE72003225D9 /* Build configuration list for PBXNativeTarget "URLShortener" */;
			buildPhases = (
				26E5A32F224CAE6F003225D9 /* Sources */,
				26E5A330224CAE6F003225D9 /* Frameworks */,
				26E5A331224CAE6F003225D9 /* Resources */,
			);
			buildRules = (
			);
			dependencies = (
			);
			name = URLShortener;
			productName = URLShortener;
			productReference = 26E5A333224CAE6F003225D9 /* URLShortener.app */;
			productType = "com.apple.product-type.application";
		};
		26E5A346224CAE72003225D9 /* URLShortenerTests */ = {
			isa = PBXNativeTarget;
			buildConfigurationList = 26E5A35E224CAE72003225D9 /* Build configuration list for PBXNativeTarget "URLShortenerTests" */;
			buildPhases = (
				26E5A343224CAE72003225D9 /* Sources */,
				26E5A344224CAE72003225D9 /* Frameworks */,
				26E5A345224CAE72003225D9 /* Resources */,
			);
			buildRules = (
			);
			dependencies = (
				26E5A349224CAE72003225D9 /* PBXTargetDependency */,
			);
			name = URLShortenerTests;
			productName = URLShortenerTests;
			productReference = 26E5A347224CAE72003225D9 /* URLShortenerTests.xctest */;
			productType = "com.apple.product-type.bundle.unit-test";
		};
		26E5A351224CAE72003225D9 /* URLShortenerUITests */ = {
			isa = PBXNativeTarget;
			buildConfigurationList = 26E5A361224CAE72003225D9 /* Build configuration list for PBXNativeTarget "URLShortenerUITests" */;
			buildPhases = (
				26E5A34E224CAE72003225D9 /* Sources */,
				26E5A34F224CAE72003225D9 /* Frameworks */,
				26E5A350224CAE72003225D9 /* Resources */,
			);
			buildRules = (
			);
			dependencies = (
				26E5A354224CAE72003225D9 /* PBXTargetDependency */,
			);
			name = URLShortenerUITests;
			productName = URLShortenerUITests;
			productReference = 26E5A352224CAE72003225D9 /* URLShortenerUITests.xctest */;
			productType = "com.apple.product-type.bundle.ui-testing";
		};
/* End PBXNativeTarget section */

/* Begin PBXProject section */
		26E5A32B224CAE6F003225D9 /* Project object */ = {
			isa = PBXProject;
			attributes = {
				LastSwiftUpdateCheck = 1010;
				LastUpgradeCheck = 1010;
				ORGANIZATIONNAME = "Grzegorz Biegaj";
				TargetAttributes = {
					26E5A332224CAE6F003225D9 = {
						CreatedOnToolsVersion = 10.1;
					};
					26E5A346224CAE72003225D9 = {
						CreatedOnToolsVersion = 10.1;
						TestTargetID = 26E5A332224CAE6F003225D9;
					};
					26E5A351224CAE72003225D9 = {
						CreatedOnToolsVersion = 10.1;
						TestTargetID = 26E5A332224CAE6F003225D9;
					};
				};
			};
			buildConfigurationList = 26E5A32E224CAE6F003225D9 /* Build configuration list for PBXProject "URLShortener" */;
			compatibilityVersion = "Xcode 9.3";
			developmentRegion = en;
			hasScannedForEncodings = 0;
			knownRegions = (
				en,
				Base,
			);
			mainGroup = 26E5A32A224CAE6F003225D9;
			productRefGroup = 26E5A334224CAE6F003225D9 /* Products */;
			projectDirPath = "";
			projectRoot = "";
			targets = (
				26E5A332224CAE6F003225D9 /* URLShortener */,
				26E5A346224CAE72003225D9 /* URLShortenerTests */,
				26E5A351224CAE72003225D9 /* URLShortenerUITests */,
			);
		};
/* End PBXProject section */

/* Begin PBXResourcesBuildPhase section */
		26E5A331224CAE6F003225D9 /* Resources */ = {
			isa = PBXResourcesBuildPhase;
			buildActionMask = 2147483647;
			files = (
				26E5A365224CAF4F003225D9 /* .gitignore in Resources */,
				22FE04AF224EC22B0029DAE9 /* ArrowView.xib in Resources */,
				26E5A341224CAE71003225D9 /* LaunchScreen.storyboard in Resources */,
				26E5A33E224CAE71003225D9 /* Assets.xcassets in Resources */,
				26E5A393224E5AF2003225D9 /* Shortner.storyboard in Resources */,
			);
			runOnlyForDeploymentPostprocessing = 0;
		};
		26E5A345224CAE72003225D9 /* Resources */ = {
			isa = PBXResourcesBuildPhase;
			buildActionMask = 2147483647;
			files = (
			);
			runOnlyForDeploymentPostprocessing = 0;
		};
		26E5A350224CAE72003225D9 /* Resources */ = {
			isa = PBXResourcesBuildPhase;
			buildActionMask = 2147483647;
			files = (
			);
			runOnlyForDeploymentPostprocessing = 0;
		};
/* End PBXResourcesBuildPhase section */

/* Begin PBXSourcesBuildPhase section */
		26E5A32F224CAE6F003225D9 /* Sources */ = {
			isa = PBXSourcesBuildPhase;
			buildActionMask = 2147483647;
			files = (
				26E5A36F224CCFD1003225D9 /* RequestConnection.swift in Sources */,
				26E5A37F224CD830003225D9 /* WriteShortURLRequest.swift in Sources */,
				26E5A391224E411F003225D9 /* MockStorage.swift in Sources */,
				26E5A371224CCFDF003225D9 /* InterpreterProtocol.swift in Sources */,
				26E5A388224CF52B003225D9 /* MockURLHandler.swift in Sources */,
				225C415C224F67B7004736F3 /* UIImage+Scale.swift in Sources */,
				26E5A386224CE1A0003225D9 /* MockURLSession.swift in Sources */,
				22FE04BC224EEBB30029DAE9 /* UITableView+Animation.swift in Sources */,
				26E5A38F224E0034003225D9 /* InMemoryStorage.swift in Sources */,
				26E5A37B224CD072003225D9 /* ShortURLController.swift in Sources */,
				26E5A379224CD064003225D9 /* ReadShortURLInterpreter.swift in Sources */,
				26E5A375224CD004003225D9 /* RequestProtocol.swift in Sources */,
				22FE04B2224ED3100029DAE9 /* ShortenerColorPalette.swift in Sources */,
				225C415E224F79B3004736F3 /* DeleteShortURLRequest.swift in Sources */,
				22FE04BA224EE4A80029DAE9 /* URLTableViewCell.swift in Sources */,
				26E5A381224CD8F1003225D9 /* WriteShortURLInterpreter.swift in Sources */,
				26E5A38A224D0BBC003225D9 /* ShortnerViewController.swift in Sources */,
				26E5A384224CE0BA003225D9 /* URLSessionProtocol.swift in Sources */,
				26E5A373224CCFEF003225D9 /* Types.swift in Sources */,
				22FE04B8224EDE740029DAE9 /* UIViewController+Keyboard.swift in Sources */,
				22FE04AD224EC1F90029DAE9 /* ArrowView.swift in Sources */,
				26E5A337224CAE6F003225D9 /* AppDelegate.swift in Sources */,
				225C4162224FAB2B004736F3 /* UIViewController+Alert.swift in Sources */,
				26E5A37D224CD565003225D9 /* ShortURL.swift in Sources */,
				26E5A377224CD048003225D9 /* ReadShortURLRequest.swift in Sources */,
			);
			runOnlyForDeploymentPostprocessing = 0;
		};
		26E5A343224CAE72003225D9 /* Sources */ = {
			isa = PBXSourcesBuildPhase;
			buildActionMask = 2147483647;
			files = (
				225C418C224FE9A3004736F3 /* ReadShortURLRequestTests.swift in Sources */,
				225C4178224FE77B004736F3 /* ShortURLTests.swift in Sources */,
				225C419C22500F78004736F3 /* DeleteShortURLRequestTests.swift in Sources */,
				225C4194224FEA72004736F3 /* ReadShortURLInterpreterTests.swift in Sources */,
				225C416B224FE5F2004736F3 /* NetworkingMock.swift in Sources */,
				225C4180224FE848004736F3 /* ShortURLControllerTests.swift in Sources */,
				225C418E224FE9D9004736F3 /* WriteShortURLRequestTests.swift in Sources */,
				225C419A224FEAAB004736F3 /* WriteShortURLInterpreterTests.swift in Sources */,
			);
			runOnlyForDeploymentPostprocessing = 0;
		};
		26E5A34E224CAE72003225D9 /* Sources */ = {
			isa = PBXSourcesBuildPhase;
			buildActionMask = 2147483647;
			files = (
				26E5A357224CAE72003225D9 /* URLShortenerUITests.swift in Sources */,
			);
			runOnlyForDeploymentPostprocessing = 0;
		};
/* End PBXSourcesBuildPhase section */

/* Begin PBXTargetDependency section */
		26E5A349224CAE72003225D9 /* PBXTargetDependency */ = {
			isa = PBXTargetDependency;
			target = 26E5A332224CAE6F003225D9 /* URLShortener */;
			targetProxy = 26E5A348224CAE72003225D9 /* PBXContainerItemProxy */;
		};
		26E5A354224CAE72003225D9 /* PBXTargetDependency */ = {
			isa = PBXTargetDependency;
			target = 26E5A332224CAE6F003225D9 /* URLShortener */;
			targetProxy = 26E5A353224CAE72003225D9 /* PBXContainerItemProxy */;
		};
/* End PBXTargetDependency section */

/* Begin PBXVariantGroup section */
		26E5A33F224CAE71003225D9 /* LaunchScreen.storyboard */ = {
			isa = PBXVariantGroup;
			children = (
				26E5A340224CAE71003225D9 /* Base */,
			);
			name = LaunchScreen.storyboard;
			sourceTree = "<group>";
		};
/* End PBXVariantGroup section */

/* Begin XCBuildConfiguration section */
		26E5A359224CAE72003225D9 /* Debug */ = {
			isa = XCBuildConfiguration;
			buildSettings = {
				ALWAYS_SEARCH_USER_PATHS = NO;
				CLANG_ANALYZER_NONNULL = YES;
				CLANG_ANALYZER_NUMBER_OBJECT_CONVERSION = YES_AGGRESSIVE;
				CLANG_CXX_LANGUAGE_STANDARD = "gnu++14";
				CLANG_CXX_LIBRARY = "libc++";
				CLANG_ENABLE_MODULES = YES;
				CLANG_ENABLE_OBJC_ARC = YES;
				CLANG_ENABLE_OBJC_WEAK = YES;
				CLANG_WARN_BLOCK_CAPTURE_AUTORELEASING = YES;
				CLANG_WARN_BOOL_CONVERSION = YES;
				CLANG_WARN_COMMA = YES;
				CLANG_WARN_CONSTANT_CONVERSION = YES;
				CLANG_WARN_DEPRECATED_OBJC_IMPLEMENTATIONS = YES;
				CLANG_WARN_DIRECT_OBJC_ISA_USAGE = YES_ERROR;
				CLANG_WARN_DOCUMENTATION_COMMENTS = YES;
				CLANG_WARN_EMPTY_BODY = YES;
				CLANG_WARN_ENUM_CONVERSION = YES;
				CLANG_WARN_INFINITE_RECURSION = YES;
				CLANG_WARN_INT_CONVERSION = YES;
				CLANG_WARN_NON_LITERAL_NULL_CONVERSION = YES;
				CLANG_WARN_OBJC_IMPLICIT_RETAIN_SELF = YES;
				CLANG_WARN_OBJC_LITERAL_CONVERSION = YES;
				CLANG_WARN_OBJC_ROOT_CLASS = YES_ERROR;
				CLANG_WARN_RANGE_LOOP_ANALYSIS = YES;
				CLANG_WARN_STRICT_PROTOTYPES = YES;
				CLANG_WARN_SUSPICIOUS_MOVE = YES;
				CLANG_WARN_UNGUARDED_AVAILABILITY = YES_AGGRESSIVE;
				CLANG_WARN_UNREACHABLE_CODE = YES;
				CLANG_WARN__DUPLICATE_METHOD_MATCH = YES;
				CODE_SIGN_IDENTITY = "iPhone Developer";
				COPY_PHASE_STRIP = NO;
				DEBUG_INFORMATION_FORMAT = dwarf;
				ENABLE_STRICT_OBJC_MSGSEND = YES;
				ENABLE_TESTABILITY = YES;
				GCC_C_LANGUAGE_STANDARD = gnu11;
				GCC_DYNAMIC_NO_PIC = NO;
				GCC_NO_COMMON_BLOCKS = YES;
				GCC_OPTIMIZATION_LEVEL = 0;
				GCC_PREPROCESSOR_DEFINITIONS = (
					"DEBUG=1",
					"$(inherited)",
				);
				GCC_WARN_64_TO_32_BIT_CONVERSION = YES;
				GCC_WARN_ABOUT_RETURN_TYPE = YES_ERROR;
				GCC_WARN_UNDECLARED_SELECTOR = YES;
				GCC_WARN_UNINITIALIZED_AUTOS = YES_AGGRESSIVE;
				GCC_WARN_UNUSED_FUNCTION = YES;
				GCC_WARN_UNUSED_VARIABLE = YES;
				IPHONEOS_DEPLOYMENT_TARGET = 12.1;
				MTL_ENABLE_DEBUG_INFO = INCLUDE_SOURCE;
				MTL_FAST_MATH = YES;
				ONLY_ACTIVE_ARCH = YES;
				SDKROOT = iphoneos;
				SWIFT_ACTIVE_COMPILATION_CONDITIONS = DEBUG;
				SWIFT_OPTIMIZATION_LEVEL = "-Onone";
			};
			name = Debug;
		};
		26E5A35A224CAE72003225D9 /* Release */ = {
			isa = XCBuildConfiguration;
			buildSettings = {
				ALWAYS_SEARCH_USER_PATHS = NO;
				CLANG_ANALYZER_NONNULL = YES;
				CLANG_ANALYZER_NUMBER_OBJECT_CONVERSION = YES_AGGRESSIVE;
				CLANG_CXX_LANGUAGE_STANDARD = "gnu++14";
				CLANG_CXX_LIBRARY = "libc++";
				CLANG_ENABLE_MODULES = YES;
				CLANG_ENABLE_OBJC_ARC = YES;
				CLANG_ENABLE_OBJC_WEAK = YES;
				CLANG_WARN_BLOCK_CAPTURE_AUTORELEASING = YES;
				CLANG_WARN_BOOL_CONVERSION = YES;
				CLANG_WARN_COMMA = YES;
				CLANG_WARN_CONSTANT_CONVERSION = YES;
				CLANG_WARN_DEPRECATED_OBJC_IMPLEMENTATIONS = YES;
				CLANG_WARN_DIRECT_OBJC_ISA_USAGE = YES_ERROR;
				CLANG_WARN_DOCUMENTATION_COMMENTS = YES;
				CLANG_WARN_EMPTY_BODY = YES;
				CLANG_WARN_ENUM_CONVERSION = YES;
				CLANG_WARN_INFINITE_RECURSION = YES;
				CLANG_WARN_INT_CONVERSION = YES;
				CLANG_WARN_NON_LITERAL_NULL_CONVERSION = YES;
				CLANG_WARN_OBJC_IMPLICIT_RETAIN_SELF = YES;
				CLANG_WARN_OBJC_LITERAL_CONVERSION = YES;
				CLANG_WARN_OBJC_ROOT_CLASS = YES_ERROR;
				CLANG_WARN_RANGE_LOOP_ANALYSIS = YES;
				CLANG_WARN_STRICT_PROTOTYPES = YES;
				CLANG_WARN_SUSPICIOUS_MOVE = YES;
				CLANG_WARN_UNGUARDED_AVAILABILITY = YES_AGGRESSIVE;
				CLANG_WARN_UNREACHABLE_CODE = YES;
				CLANG_WARN__DUPLICATE_METHOD_MATCH = YES;
				CODE_SIGN_IDENTITY = "iPhone Developer";
				COPY_PHASE_STRIP = NO;
				DEBUG_INFORMATION_FORMAT = "dwarf-with-dsym";
				ENABLE_NS_ASSERTIONS = NO;
				ENABLE_STRICT_OBJC_MSGSEND = YES;
				GCC_C_LANGUAGE_STANDARD = gnu11;
				GCC_NO_COMMON_BLOCKS = YES;
				GCC_WARN_64_TO_32_BIT_CONVERSION = YES;
				GCC_WARN_ABOUT_RETURN_TYPE = YES_ERROR;
				GCC_WARN_UNDECLARED_SELECTOR = YES;
				GCC_WARN_UNINITIALIZED_AUTOS = YES_AGGRESSIVE;
				GCC_WARN_UNUSED_FUNCTION = YES;
				GCC_WARN_UNUSED_VARIABLE = YES;
				IPHONEOS_DEPLOYMENT_TARGET = 12.1;
				MTL_ENABLE_DEBUG_INFO = NO;
				MTL_FAST_MATH = YES;
				SDKROOT = iphoneos;
				SWIFT_COMPILATION_MODE = wholemodule;
				SWIFT_OPTIMIZATION_LEVEL = "-O";
				VALIDATE_PRODUCT = YES;
			};
			name = Release;
		};
		26E5A35C224CAE72003225D9 /* Debug */ = {
			isa = XCBuildConfiguration;
			buildSettings = {
				ASSETCATALOG_COMPILER_APPICON_NAME = AppIcon;
				CODE_SIGN_STYLE = Automatic;
				INFOPLIST_FILE = URLShortener/Info.plist;
				LD_RUNPATH_SEARCH_PATHS = (
					"$(inherited)",
					"@executable_path/Frameworks",
				);
				PRODUCT_BUNDLE_IDENTIFIER = biegaj.grzegorz.demo.URLShortener;
				PRODUCT_NAME = "$(TARGET_NAME)";
				SWIFT_VERSION = 4.2;
				TARGETED_DEVICE_FAMILY = "1,2";
			};
			name = Debug;
		};
		26E5A35D224CAE72003225D9 /* Release */ = {
			isa = XCBuildConfiguration;
			buildSettings = {
				ASSETCATALOG_COMPILER_APPICON_NAME = AppIcon;
				CODE_SIGN_STYLE = Automatic;
				INFOPLIST_FILE = URLShortener/Info.plist;
				LD_RUNPATH_SEARCH_PATHS = (
					"$(inherited)",
					"@executable_path/Frameworks",
				);
				PRODUCT_BUNDLE_IDENTIFIER = biegaj.grzegorz.demo.URLShortener;
				PRODUCT_NAME = "$(TARGET_NAME)";
				SWIFT_VERSION = 4.2;
				TARGETED_DEVICE_FAMILY = "1,2";
			};
			name = Release;
		};
		26E5A35F224CAE72003225D9 /* Debug */ = {
			isa = XCBuildConfiguration;
			buildSettings = {
				ALWAYS_EMBED_SWIFT_STANDARD_LIBRARIES = YES;
				BUNDLE_LOADER = "$(TEST_HOST)";
				CODE_SIGN_STYLE = Automatic;
				INFOPLIST_FILE = URLShortenerTests/Info.plist;
				LD_RUNPATH_SEARCH_PATHS = (
					"$(inherited)",
					"@executable_path/Frameworks",
					"@loader_path/Frameworks",
				);
				PRODUCT_BUNDLE_IDENTIFIER = biegaj.grzegorz.demo.URLShortenerTests;
				PRODUCT_NAME = "$(TARGET_NAME)";
				SWIFT_VERSION = 4.2;
				TARGETED_DEVICE_FAMILY = "1,2";
				TEST_HOST = "$(BUILT_PRODUCTS_DIR)/URLShortener.app/URLShortener";
			};
			name = Debug;
		};
		26E5A360224CAE72003225D9 /* Release */ = {
			isa = XCBuildConfiguration;
			buildSettings = {
				ALWAYS_EMBED_SWIFT_STANDARD_LIBRARIES = YES;
				BUNDLE_LOADER = "$(TEST_HOST)";
				CODE_SIGN_STYLE = Automatic;
				INFOPLIST_FILE = URLShortenerTests/Info.plist;
				LD_RUNPATH_SEARCH_PATHS = (
					"$(inherited)",
					"@executable_path/Frameworks",
					"@loader_path/Frameworks",
				);
				PRODUCT_BUNDLE_IDENTIFIER = biegaj.grzegorz.demo.URLShortenerTests;
				PRODUCT_NAME = "$(TARGET_NAME)";
				SWIFT_VERSION = 4.2;
				TARGETED_DEVICE_FAMILY = "1,2";
				TEST_HOST = "$(BUILT_PRODUCTS_DIR)/URLShortener.app/URLShortener";
			};
			name = Release;
		};
		26E5A362224CAE72003225D9 /* Debug */ = {
			isa = XCBuildConfiguration;
			buildSettings = {
				ALWAYS_EMBED_SWIFT_STANDARD_LIBRARIES = YES;
				CODE_SIGN_STYLE = Automatic;
				INFOPLIST_FILE = URLShortenerUITests/Info.plist;
				LD_RUNPATH_SEARCH_PATHS = (
					"$(inherited)",
					"@executable_path/Frameworks",
					"@loader_path/Frameworks",
				);
				PRODUCT_BUNDLE_IDENTIFIER = biegaj.grzegorz.demo.URLShortenerUITests;
				PRODUCT_NAME = "$(TARGET_NAME)";
				SWIFT_VERSION = 4.2;
				TARGETED_DEVICE_FAMILY = "1,2";
				TEST_TARGET_NAME = URLShortener;
			};
			name = Debug;
		};
		26E5A363224CAE72003225D9 /* Release */ = {
			isa = XCBuildConfiguration;
			buildSettings = {
				ALWAYS_EMBED_SWIFT_STANDARD_LIBRARIES = YES;
				CODE_SIGN_STYLE = Automatic;
				INFOPLIST_FILE = URLShortenerUITests/Info.plist;
				LD_RUNPATH_SEARCH_PATHS = (
					"$(inherited)",
					"@executable_path/Frameworks",
					"@loader_path/Frameworks",
				);
				PRODUCT_BUNDLE_IDENTIFIER = biegaj.grzegorz.demo.URLShortenerUITests;
				PRODUCT_NAME = "$(TARGET_NAME)";
				SWIFT_VERSION = 4.2;
				TARGETED_DEVICE_FAMILY = "1,2";
				TEST_TARGET_NAME = URLShortener;
			};
			name = Release;
		};
/* End XCBuildConfiguration section */

/* Begin XCConfigurationList section */
		26E5A32E224CAE6F003225D9 /* Build configuration list for PBXProject "URLShortener" */ = {
			isa = XCConfigurationList;
			buildConfigurations = (
				26E5A359224CAE72003225D9 /* Debug */,
				26E5A35A224CAE72003225D9 /* Release */,
			);
			defaultConfigurationIsVisible = 0;
			defaultConfigurationName = Release;
		};
		26E5A35B224CAE72003225D9 /* Build configuration list for PBXNativeTarget "URLShortener" */ = {
			isa = XCConfigurationList;
			buildConfigurations = (
				26E5A35C224CAE72003225D9 /* Debug */,
				26E5A35D224CAE72003225D9 /* Release */,
			);
			defaultConfigurationIsVisible = 0;
			defaultConfigurationName = Release;
		};
		26E5A35E224CAE72003225D9 /* Build configuration list for PBXNativeTarget "URLShortenerTests" */ = {
			isa = XCConfigurationList;
			buildConfigurations = (
				26E5A35F224CAE72003225D9 /* Debug */,
				26E5A360224CAE72003225D9 /* Release */,
			);
			defaultConfigurationIsVisible = 0;
			defaultConfigurationName = Release;
		};
		26E5A361224CAE72003225D9 /* Build configuration list for PBXNativeTarget "URLShortenerUITests" */ = {
			isa = XCConfigurationList;
			buildConfigurations = (
				26E5A362224CAE72003225D9 /* Debug */,
				26E5A363224CAE72003225D9 /* Release */,
			);
			defaultConfigurationIsVisible = 0;
			defaultConfigurationName = Release;
		};
/* End XCConfigurationList section */
	};
	rootObject = 26E5A32B224CAE6F003225D9 /* Project object */;
}
